
Microsoft Visual Studio Solution File, Format Version 12.00
# Visual Studio 2013
VisualStudioVersion = 12.0.30501.0
MinimumVisualStudioVersion = 10.0.40219.1
Project("{FAE04EC0-301F-11D3-BF4B-00C04F79EFBC}") = "GenericCatalog", "GenericCatalog\GenericCatalog.csproj", "{6725641B-D0CB-43E8-907C-D36E57E62A6A}"
EndProject
Project("{FAE04EC0-301F-11D3-BF4B-00C04F79EFBC}") = "GenericTest", "GenericTest\GenericTest.csproj", "{4ED00A03-C20C-4DF2-85F0-0DEA704B334C}"
EndProject
Global
	GlobalSection(SolutionConfigurationPlatforms) = preSolution
		Debug|Any CPU = Debug|Any CPU
		Release|Any CPU = Release|Any CPU
	EndGlobalSection
	GlobalSection(ProjectConfigurationPlatforms) = postSolution
		{6725641B-D0CB-43E8-907C-D36E57E62A6A}.Debug|Any CPU.ActiveCfg = Debug|Any CPU
		{6725641B-D0CB-43E8-907C-D36E57E62A6A}.Debug|Any CPU.Build.0 = Debug|Any CPU
		{6725641B-D0CB-43E8-907C-D36E57E62A6A}.Release|Any CPU.ActiveCfg = Release|Any CPU
		{6725641B-D0CB-43E8-907C-D36E57E62A6A}.Release|Any CPU.Build.0 = Release|Any CPU
		{4ED00A03-C20C-4DF2-85F0-0DEA704B334C}.Debug|Any CPU.ActiveCfg = Debug|Any CPU
		{4ED00A03-C20C-4DF2-85F0-0DEA704B334C}.Debug|Any CPU.Build.0 = Debug|Any CPU
		{4ED00A03-C20C-4DF2-85F0-0DEA704B334C}.Release|Any CPU.ActiveCfg = Release|Any CPU
		{4ED00A03-C20C-4DF2-85F0-0DEA704B334C}.Release|Any CPU.Build.0 = Release|Any CPU
	EndGlobalSection
	GlobalSection(SolutionProperties) = preSolution
		HideSolutionNode = FALSE
	EndGlobalSection
EndGlobal
